// !$*UTF8*$!
{
	archiveVersion = 1;
	classes = {
	};
	objectVersion = 56;
	objects = {

/* Begin PBXBuildFile section */
		C65DFCF92A8100BF00C0403B /* CustomBackgroundView.swift in Sources */ = {isa = PBXBuildFile; fileRef = C65DFCF82A8100BF00C0403B /* CustomBackgroundView.swift */; };
		C65DFCFD2A81054D00C0403B /* ColorExtension.swift in Sources */ = {isa = PBXBuildFile; fileRef = C65DFCFC2A81054D00C0403B /* ColorExtension.swift */; };
		C69669912A80EC9D00ED386E /* HikeApp.swift in Sources */ = {isa = PBXBuildFile; fileRef = C69669902A80EC9D00ED386E /* HikeApp.swift */; };
		C69669932A80EC9D00ED386E /* ContentView.swift in Sources */ = {isa = PBXBuildFile; fileRef = C69669922A80EC9D00ED386E /* ContentView.swift */; };
		C69669952A80EC9E00ED386E /* Assets.xcassets in Resources */ = {isa = PBXBuildFile; fileRef = C69669942A80EC9E00ED386E /* Assets.xcassets */; };
		C69669982A80EC9E00ED386E /* Preview Assets.xcassets in Resources */ = {isa = PBXBuildFile; fileRef = C69669972A80EC9E00ED386E /* Preview Assets.xcassets */; };
		C69669A22A80EC9E00ED386E /* HikeTests.swift in Sources */ = {isa = PBXBuildFile; fileRef = C69669A12A80EC9E00ED386E /* HikeTests.swift */; };
		C69669AC2A80EC9E00ED386E /* HikeUITests.swift in Sources */ = {isa = PBXBuildFile; fileRef = C69669AB2A80EC9E00ED386E /* HikeUITests.swift */; };
		C69669AE2A80EC9E00ED386E /* HikeUITestsLaunchTests.swift in Sources */ = {isa = PBXBuildFile; fileRef = C69669AD2A80EC9E00ED386E /* HikeUITestsLaunchTests.swift */; };
		C6E35BCF2A80F91F00E6E09E /* CardView.swift in Sources */ = {isa = PBXBuildFile; fileRef = C6E35BCE2A80F91F00E6E09E /* CardView.swift */; };
/* End PBXBuildFile section */

/* Begin PBXContainerItemProxy section */
		C696699E2A80EC9E00ED386E /* PBXContainerItemProxy */ = {
			isa = PBXContainerItemProxy;
			containerPortal = C69669852A80EC9D00ED386E /* Project object */;
			proxyType = 1;
			remoteGlobalIDString = C696698C2A80EC9D00ED386E;
			remoteInfo = Hike;
		};
		C69669A82A80EC9E00ED386E /* PBXContainerItemProxy */ = {
			isa = PBXContainerItemProxy;
			containerPortal = C69669852A80EC9D00ED386E /* Project object */;
			proxyType = 1;
			remoteGlobalIDString = C696698C2A80EC9D00ED386E;
			remoteInfo = Hike;
		};
/* End PBXContainerItemProxy section */

/* Begin PBXFileReference section */
		C65DFCF82A8100BF00C0403B /* CustomBackgroundView.swift */ = {isa = PBXFileReference; lastKnownFileType = sourcecode.swift; path = CustomBackgroundView.swift; sourceTree = "<group>"; };
		C65DFCFC2A81054D00C0403B /* ColorExtension.swift */ = {isa = PBXFileReference; lastKnownFileType = sourcecode.swift; path = ColorExtension.swift; sourceTree = "<group>"; };
		C696698D2A80EC9D00ED386E /* Hike.app */ = {isa = PBXFileReference; explicitFileType = wrapper.application; includeInIndex = 0; path = Hike.app; sourceTree = BUILT_PRODUCTS_DIR; };
		C69669902A80EC9D00ED386E /* HikeApp.swift */ = {isa = PBXFileReference; lastKnownFileType = sourcecode.swift; path = HikeApp.swift; sourceTree = "<group>"; };
		C69669922A80EC9D00ED386E /* ContentView.swift */ = {isa = PBXFileReference; lastKnownFileType = sourcecode.swift; path = ContentView.swift; sourceTree = "<group>"; };
		C69669942A80EC9E00ED386E /* Assets.xcassets */ = {isa = PBXFileReference; lastKnownFileType = folder.assetcatalog; path = Assets.xcassets; sourceTree = "<group>"; };
		C69669972A80EC9E00ED386E /* Preview Assets.xcassets */ = {isa = PBXFileReference; lastKnownFileType = folder.assetcatalog; path = "Preview Assets.xcassets"; sourceTree = "<group>"; };
		C696699D2A80EC9E00ED386E /* HikeTests.xctest */ = {isa = PBXFileReference; explicitFileType = wrapper.cfbundle; includeInIndex = 0; path = HikeTests.xctest; sourceTree = BUILT_PRODUCTS_DIR; };
		C69669A12A80EC9E00ED386E /* HikeTests.swift */ = {isa = PBXFileReference; lastKnownFileType = sourcecode.swift; path = HikeTests.swift; sourceTree = "<group>"; };
		C69669A72A80EC9E00ED386E /* HikeUITests.xctest */ = {isa = PBXFileReference; explicitFileType = wrapper.cfbundle; includeInIndex = 0; path = HikeUITests.xctest; sourceTree = BUILT_PRODUCTS_DIR; };
		C69669AB2A80EC9E00ED386E /* HikeUITests.swift */ = {isa = PBXFileReference; lastKnownFileType = sourcecode.swift; path = HikeUITests.swift; sourceTree = "<group>"; };
		C69669AD2A80EC9E00ED386E /* HikeUITestsLaunchTests.swift */ = {isa = PBXFileReference; lastKnownFileType = sourcecode.swift; path = HikeUITestsLaunchTests.swift; sourceTree = "<group>"; };
		C6E35BCE2A80F91F00E6E09E /* CardView.swift */ = {isa = PBXFileReference; lastKnownFileType = sourcecode.swift; path = CardView.swift; sourceTree = "<group>"; };
/* End PBXFileReference section */

/* Begin PBXFrameworksBuildPhase section */
		C696698A2A80EC9D00ED386E /* Frameworks */ = {
			isa = PBXFrameworksBuildPhase;
			buildActionMask = 2147483647;
			files = (
			);
			runOnlyForDeploymentPostprocessing = 0;
		};
		C696699A2A80EC9E00ED386E /* Frameworks */ = {
			isa = PBXFrameworksBuildPhase;
			buildActionMask = 2147483647;
			files = (
			);
			runOnlyForDeploymentPostprocessing = 0;
		};
		C69669A42A80EC9E00ED386E /* Frameworks */ = {
			isa = PBXFrameworksBuildPhase;
			buildActionMask = 2147483647;
			files = (
			);
			runOnlyForDeploymentPostprocessing = 0;
		};
/* End PBXFrameworksBuildPhase section */

/* Begin PBXGroup section */
		C65DFCF72A81007200C0403B /* Components */ = {
			isa = PBXGroup;
			children = (
				C6E35BCE2A80F91F00E6E09E /* CardView.swift */,
				C65DFCF82A8100BF00C0403B /* CustomBackgroundView.swift */,
			);
			path = Components;
			sourceTree = "<group>";
		};
		C65DFCFB2A81051A00C0403B /* Utility */ = {
			isa = PBXGroup;
			children = (
				C65DFCFC2A81054D00C0403B /* ColorExtension.swift */,
			);
			path = Utility;
			sourceTree = "<group>";
		};
		C69669842A80EC9D00ED386E = {
			isa = PBXGroup;
			children = (
				C696698F2A80EC9D00ED386E /* Hike */,
				C69669A02A80EC9E00ED386E /* HikeTests */,
				C69669AA2A80EC9E00ED386E /* HikeUITests */,
				C696698E2A80EC9D00ED386E /* Products */,
			);
			sourceTree = "<group>";
		};
		C696698E2A80EC9D00ED386E /* Products */ = {
			isa = PBXGroup;
			children = (
				C696698D2A80EC9D00ED386E /* Hike.app */,
				C696699D2A80EC9E00ED386E /* HikeTests.xctest */,
				C69669A72A80EC9E00ED386E /* HikeUITests.xctest */,
			);
			name = Products;
			sourceTree = "<group>";
		};
		C696698F2A80EC9D00ED386E /* Hike */ = {
			isa = PBXGroup;
			children = (
				C65DFCFB2A81051A00C0403B /* Utility */,
				C69669902A80EC9D00ED386E /* HikeApp.swift */,
				C69669922A80EC9D00ED386E /* ContentView.swift */,
				C69669942A80EC9E00ED386E /* Assets.xcassets */,
				C69669962A80EC9E00ED386E /* Preview Content */,
				C65DFCF72A81007200C0403B /* Components */,
			);
			path = Hike;
			sourceTree = "<group>";
		};
		C69669962A80EC9E00ED386E /* Preview Content */ = {
			isa = PBXGroup;
			children = (
				C69669972A80EC9E00ED386E /* Preview Assets.xcassets */,
			);
			path = "Preview Content";
			sourceTree = "<group>";
		};
		C69669A02A80EC9E00ED386E /* HikeTests */ = {
			isa = PBXGroup;
			children = (
				C69669A12A80EC9E00ED386E /* HikeTests.swift */,
			);
			path = HikeTests;
			sourceTree = "<group>";
		};
		C69669AA2A80EC9E00ED386E /* HikeUITests */ = {
			isa = PBXGroup;
			children = (
				C69669AB2A80EC9E00ED386E /* HikeUITests.swift */,
				C69669AD2A80EC9E00ED386E /* HikeUITestsLaunchTests.swift */,
			);
			path = HikeUITests;
			sourceTree = "<group>";
		};
/* End PBXGroup section */

/* Begin PBXNativeTarget section */
		C696698C2A80EC9D00ED386E /* Hike */ = {
			isa = PBXNativeTarget;
			buildConfigurationList = C69669B12A80EC9E00ED386E /* Build configuration list for PBXNativeTarget "Hike" */;
			buildPhases = (
				C69669892A80EC9D00ED386E /* Sources */,
				C696698A2A80EC9D00ED386E /* Frameworks */,
				C696698B2A80EC9D00ED386E /* Resources */,
			);
			buildRules = (
			);
			dependencies = (
			);
			name = Hike;
			productName = Hike;
			productReference = C696698D2A80EC9D00ED386E /* Hike.app */;
			productType = "com.apple.product-type.application";
		};
		C696699C2A80EC9E00ED386E /* HikeTests */ = {
			isa = PBXNativeTarget;
			buildConfigurationList = C69669B42A80EC9E00ED386E /* Build configuration list for PBXNativeTarget "HikeTests" */;
			buildPhases = (
				C69669992A80EC9E00ED386E /* Sources */,
				C696699A2A80EC9E00ED386E /* Frameworks */,
				C696699B2A80EC9E00ED386E /* Resources */,
			);
			buildRules = (
			);
			dependencies = (
				C696699F2A80EC9E00ED386E /* PBXTargetDependency */,
			);
			name = HikeTests;
			productName = HikeTests;
			productReference = C696699D2A80EC9E00ED386E /* HikeTests.xctest */;
			productType = "com.apple.product-type.bundle.unit-test";
		};
		C69669A62A80EC9E00ED386E /* HikeUITests */ = {
			isa = PBXNativeTarget;
			buildConfigurationList = C69669B72A80EC9E00ED386E /* Build configuration list for PBXNativeTarget "HikeUITests" */;
			buildPhases = (
				C69669A32A80EC9E00ED386E /* Sources */,
				C69669A42A80EC9E00ED386E /* Frameworks */,
				C69669A52A80EC9E00ED386E /* Resources */,
			);
			buildRules = (
			);
			dependencies = (
				C69669A92A80EC9E00ED386E /* PBXTargetDependency */,
			);
			name = HikeUITests;
			productName = HikeUITests;
			productReference = C69669A72A80EC9E00ED386E /* HikeUITests.xctest */;
			productType = "com.apple.product-type.bundle.ui-testing";
		};
/* End PBXNativeTarget section */

/* Begin PBXProject section */
		C69669852A80EC9D00ED386E /* Project object */ = {
			isa = PBXProject;
			attributes = {
				BuildIndependentTargetsInParallel = 1;
				LastSwiftUpdateCheck = 1430;
				LastUpgradeCheck = 1430;
				TargetAttributes = {
					C696698C2A80EC9D00ED386E = {
						CreatedOnToolsVersion = 14.3.1;
					};
					C696699C2A80EC9E00ED386E = {
						CreatedOnToolsVersion = 14.3.1;
						TestTargetID = C696698C2A80EC9D00ED386E;
					};
					C69669A62A80EC9E00ED386E = {
						CreatedOnToolsVersion = 14.3.1;
						TestTargetID = C696698C2A80EC9D00ED386E;
					};
				};
			};
			buildConfigurationList = C69669882A80EC9D00ED386E /* Build configuration list for PBXProject "Hike" */;
			compatibilityVersion = "Xcode 14.0";
			developmentRegion = en;
			hasScannedForEncodings = 0;
			knownRegions = (
				en,
				Base,
			);
			mainGroup = C69669842A80EC9D00ED386E;
			productRefGroup = C696698E2A80EC9D00ED386E /* Products */;
			projectDirPath = "";
			projectRoot = "";
			targets = (
				C696698C2A80EC9D00ED386E /* Hike */,
				C696699C2A80EC9E00ED386E /* HikeTests */,
				C69669A62A80EC9E00ED386E /* HikeUITests */,
			);
		};
/* End PBXProject section */

/* Begin PBXResourcesBuildPhase section */
		C696698B2A80EC9D00ED386E /* Resources */ = {
			isa = PBXResourcesBuildPhase;
			buildActionMask = 2147483647;
			files = (
				C69669982A80EC9E00ED386E /* Preview Assets.xcassets in Resources */,
				C69669952A80EC9E00ED386E /* Assets.xcassets in Resources */,
			);
			runOnlyForDeploymentPostprocessing = 0;
		};
		C696699B2A80EC9E00ED386E /* Resources */ = {
			isa = PBXResourcesBuildPhase;
			buildActionMask = 2147483647;
			files = (
			);
			runOnlyForDeploymentPostprocessing = 0;
		};
		C69669A52A80EC9E00ED386E /* Resources */ = {
			isa = PBXResourcesBuildPhase;
			buildActionMask = 2147483647;
			files = (
			);
			runOnlyForDeploymentPostprocessing = 0;
		};
/* End PBXResourcesBuildPhase section */

/* Begin PBXSourcesBuildPhase section */
		C69669892A80EC9D00ED386E /* Sources */ = {
			isa = PBXSourcesBuildPhase;
			buildActionMask = 2147483647;
			files = (
				C69669932A80EC9D00ED386E /* ContentView.swift in Sources */,
				C6E35BCF2A80F91F00E6E09E /* CardView.swift in Sources */,
				C69669912A80EC9D00ED386E /* HikeApp.swift in Sources */,
				C65DFCF92A8100BF00C0403B /* CustomBackgroundView.swift in Sources */,
				C65DFCFD2A81054D00C0403B /* ColorExtension.swift in Sources */,
			);
			runOnlyForDeploymentPostprocessing = 0;
		};
		C69669992A80EC9E00ED386E /* Sources */ = {
			isa = PBXSourcesBuildPhase;
			buildActionMask = 2147483647;
			files = (
				C69669A22A80EC9E00ED386E /* HikeTests.swift in Sources */,
			);
			runOnlyForDeploymentPostprocessing = 0;
		};
		C69669A32A80EC9E00ED386E /* Sources */ = {
			isa = PBXSourcesBuildPhase;
			buildActionMask = 2147483647;
			files = (
				C69669AC2A80EC9E00ED386E /* HikeUITests.swift in Sources */,
				C69669AE2A80EC9E00ED386E /* HikeUITestsLaunchTests.swift in Sources */,
			);
			runOnlyForDeploymentPostprocessing = 0;
		};
/* End PBXSourcesBuildPhase section */

/* Begin PBXTargetDependency section */
		C696699F2A80EC9E00ED386E /* PBXTargetDependency */ = {
			isa = PBXTargetDependency;
			target = C696698C2A80EC9D00ED386E /* Hike */;
			targetProxy = C696699E2A80EC9E00ED386E /* PBXContainerItemProxy */;
		};
		C69669A92A80EC9E00ED386E /* PBXTargetDependency */ = {
			isa = PBXTargetDependency;
			target = C696698C2A80EC9D00ED386E /* Hike */;
			targetProxy = C69669A82A80EC9E00ED386E /* PBXContainerItemProxy */;
		};
/* End PBXTargetDependency section */

/* Begin XCBuildConfiguration section */
		C69669AF2A80EC9E00ED386E /* Debug */ = {
			isa = XCBuildConfiguration;
			buildSettings = {
				ALWAYS_SEARCH_USER_PATHS = NO;
				CLANG_ANALYZER_NONNULL = YES;
				CLANG_ANALYZER_NUMBER_OBJECT_CONVERSION = YES_AGGRESSIVE;
				CLANG_CXX_LANGUAGE_STANDARD = "gnu++20";
				CLANG_ENABLE_MODULES = YES;
				CLANG_ENABLE_OBJC_ARC = YES;
				CLANG_ENABLE_OBJC_WEAK = YES;
				CLANG_WARN_BLOCK_CAPTURE_AUTORELEASING = YES;
				CLANG_WARN_BOOL_CONVERSION = YES;
				CLANG_WARN_COMMA = YES;
				CLANG_WARN_CONSTANT_CONVERSION = YES;
				CLANG_WARN_DEPRECATED_OBJC_IMPLEMENTATIONS = YES;
				CLANG_WARN_DIRECT_OBJC_ISA_USAGE = YES_ERROR;
				CLANG_WARN_DOCUMENTATION_COMMENTS = YES;
				CLANG_WARN_EMPTY_BODY = YES;
				CLANG_WARN_ENUM_CONVERSION = YES;
				CLANG_WARN_INFINITE_RECURSION = YES;
				CLANG_WARN_INT_CONVERSION = YES;
				CLANG_WARN_NON_LITERAL_NULL_CONVERSION = YES;
				CLANG_WARN_OBJC_IMPLICIT_RETAIN_SELF = YES;
				CLANG_WARN_OBJC_LITERAL_CONVERSION = YES;
				CLANG_WARN_OBJC_ROOT_CLASS = YES_ERROR;
				CLANG_WARN_QUOTED_INCLUDE_IN_FRAMEWORK_HEADER = YES;
				CLANG_WARN_RANGE_LOOP_ANALYSIS = YES;
				CLANG_WARN_STRICT_PROTOTYPES = YES;
				CLANG_WARN_SUSPICIOUS_MOVE = YES;
				CLANG_WARN_UNGUARDED_AVAILABILITY = YES_AGGRESSIVE;
				CLANG_WARN_UNREACHABLE_CODE = YES;
				CLANG_WARN__DUPLICATE_METHOD_MATCH = YES;
				COPY_PHASE_STRIP = NO;
				DEBUG_INFORMATION_FORMAT = dwarf;
				ENABLE_STRICT_OBJC_MSGSEND = YES;
				ENABLE_TESTABILITY = YES;
				GCC_C_LANGUAGE_STANDARD = gnu11;
				GCC_DYNAMIC_NO_PIC = NO;
				GCC_NO_COMMON_BLOCKS = YES;
				GCC_OPTIMIZATION_LEVEL = 0;
				GCC_PREPROCESSOR_DEFINITIONS = (
					"DEBUG=1",
					"$(inherited)",
				);
				GCC_WARN_64_TO_32_BIT_CONVERSION = YES;
				GCC_WARN_ABOUT_RETURN_TYPE = YES_ERROR;
				GCC_WARN_UNDECLARED_SELECTOR = YES;
				GCC_WARN_UNINITIALIZED_AUTOS = YES_AGGRESSIVE;
				GCC_WARN_UNUSED_FUNCTION = YES;
				GCC_WARN_UNUSED_VARIABLE = YES;
				IPHONEOS_DEPLOYMENT_TARGET = 16.4;
				MTL_ENABLE_DEBUG_INFO = INCLUDE_SOURCE;
				MTL_FAST_MATH = YES;
				ONLY_ACTIVE_ARCH = YES;
				SDKROOT = iphoneos;
				SWIFT_ACTIVE_COMPILATION_CONDITIONS = DEBUG;
				SWIFT_OPTIMIZATION_LEVEL = "-Onone";
			};
			name = Debug;
		};
		C69669B02A80EC9E00ED386E /* Release */ = {
			isa = XCBuildConfiguration;
			buildSettings = {
				ALWAYS_SEARCH_USER_PATHS = NO;
				CLANG_ANALYZER_NONNULL = YES;
				CLANG_ANALYZER_NUMBER_OBJECT_CONVERSION = YES_AGGRESSIVE;
				CLANG_CXX_LANGUAGE_STANDARD = "gnu++20";
				CLANG_ENABLE_MODULES = YES;
				CLANG_ENABLE_OBJC_ARC = YES;
				CLANG_ENABLE_OBJC_WEAK = YES;
				CLANG_WARN_BLOCK_CAPTURE_AUTORELEASING = YES;
				CLANG_WARN_BOOL_CONVERSION = YES;
				CLANG_WARN_COMMA = YES;
				CLANG_WARN_CONSTANT_CONVERSION = YES;
				CLANG_WARN_DEPRECATED_OBJC_IMPLEMENTATIONS = YES;
				CLANG_WARN_DIRECT_OBJC_ISA_USAGE = YES_ERROR;
				CLANG_WARN_DOCUMENTATION_COMMENTS = YES;
				CLANG_WARN_EMPTY_BODY = YES;
				CLANG_WARN_ENUM_CONVERSION = YES;
				CLANG_WARN_INFINITE_RECURSION = YES;
				CLANG_WARN_INT_CONVERSION = YES;
				CLANG_WARN_NON_LITERAL_NULL_CONVERSION = YES;
				CLANG_WARN_OBJC_IMPLICIT_RETAIN_SELF = YES;
				CLANG_WARN_OBJC_LITERAL_CONVERSION = YES;
				CLANG_WARN_OBJC_ROOT_CLASS = YES_ERROR;
				CLANG_WARN_QUOTED_INCLUDE_IN_FRAMEWORK_HEADER = YES;
				CLANG_WARN_RANGE_LOOP_ANALYSIS = YES;
				CLANG_WARN_STRICT_PROTOTYPES = YES;
				CLANG_WARN_SUSPICIOUS_MOVE = YES;
				CLANG_WARN_UNGUARDED_AVAILABILITY = YES_AGGRESSIVE;
				CLANG_WARN_UNREACHABLE_CODE = YES;
				CLANG_WARN__DUPLICATE_METHOD_MATCH = YES;
				COPY_PHASE_STRIP = NO;
				DEBUG_INFORMATION_FORMAT = "dwarf-with-dsym";
				ENABLE_NS_ASSERTIONS = NO;
				ENABLE_STRICT_OBJC_MSGSEND = YES;
				GCC_C_LANGUAGE_STANDARD = gnu11;
				GCC_NO_COMMON_BLOCKS = YES;
				GCC_WARN_64_TO_32_BIT_CONVERSION = YES;
				GCC_WARN_ABOUT_RETURN_TYPE = YES_ERROR;
				GCC_WARN_UNDECLARED_SELECTOR = YES;
				GCC_WARN_UNINITIALIZED_AUTOS = YES_AGGRESSIVE;
				GCC_WARN_UNUSED_FUNCTION = YES;
				GCC_WARN_UNUSED_VARIABLE = YES;
				IPHONEOS_DEPLOYMENT_TARGET = 16.4;
				MTL_ENABLE_DEBUG_INFO = NO;
				MTL_FAST_MATH = YES;
				SDKROOT = iphoneos;
				SWIFT_COMPILATION_MODE = wholemodule;
				SWIFT_OPTIMIZATION_LEVEL = "-O";
				VALIDATE_PRODUCT = YES;
			};
			name = Release;
		};
		C69669B22A80EC9E00ED386E /* Debug */ = {
			isa = XCBuildConfiguration;
			buildSettings = {
				ASSETCATALOG_COMPILER_APPICON_NAME = AppIcon;
				ASSETCATALOG_COMPILER_GLOBAL_ACCENT_COLOR_NAME = AccentColor;
				CODE_SIGN_STYLE = Automatic;
				CURRENT_PROJECT_VERSION = 1;
				DEVELOPMENT_ASSET_PATHS = "\"Hike/Preview Content\"";
				DEVELOPMENT_TEAM = MQ4RQ25VX2;
				ENABLE_PREVIEWS = YES;
				GENERATE_INFOPLIST_FILE = YES;
				INFOPLIST_KEY_UIApplicationSceneManifest_Generation = YES;
				INFOPLIST_KEY_UIApplicationSupportsIndirectInputEvents = YES;
				INFOPLIST_KEY_UILaunchScreen_Generation = YES;
				INFOPLIST_KEY_UISupportedInterfaceOrientations_iPad = "UIInterfaceOrientationPortrait UIInterfaceOrientationPortraitUpsideDown UIInterfaceOrientationLandscapeLeft UIInterfaceOrientationLandscapeRight";
				INFOPLIST_KEY_UISupportedInterfaceOrientations_iPhone = "UIInterfaceOrientationPortrait UIInterfaceOrientationLandscapeLeft UIInterfaceOrientationLandscapeRight";
				LD_RUNPATH_SEARCH_PATHS = (
					"$(inherited)",
					"@executable_path/Frameworks",
				);
				MARKETING_VERSION = 1.0;
				PRODUCT_BUNDLE_IDENTIFIER = basic.Hike;
				PRODUCT_NAME = "$(TARGET_NAME)";
				SWIFT_EMIT_LOC_STRINGS = YES;
				SWIFT_VERSION = 5.0;
				TARGETED_DEVICE_FAMILY = "1,2";
			};
			name = Debug;
		};
		C69669B32A80EC9E00ED386E /* Release */ = {
			isa = XCBuildConfiguration;
			buildSettings = {
				ASSETCATALOG_COMPILER_APPICON_NAME = AppIcon;
				ASSETCATALOG_COMPILER_GLOBAL_ACCENT_COLOR_NAME = AccentColor;
				CODE_SIGN_STYLE = Automatic;
				CURRENT_PROJECT_VERSION = 1;
				DEVELOPMENT_ASSET_PATHS = "\"Hike/Preview Content\"";
				DEVELOPMENT_TEAM = MQ4RQ25VX2;
				ENABLE_PREVIEWS = YES;
				GENERATE_INFOPLIST_FILE = YES;
				INFOPLIST_KEY_UIApplicationSceneManifest_Generation = YES;
				INFOPLIST_KEY_UIApplicationSupportsIndirectInputEvents = YES;
				INFOPLIST_KEY_UILaunchScreen_Generation = YES;
				INFOPLIST_KEY_UISupportedInterfaceOrientations_iPad = "UIInterfaceOrientationPortrait UIInterfaceOrientationPortraitUpsideDown UIInterfaceOrientationLandscapeLeft UIInterfaceOrientationLandscapeRight";
				INFOPLIST_KEY_UISupportedInterfaceOrientations_iPhone = "UIInterfaceOrientationPortrait UIInterfaceOrientationLandscapeLeft UIInterfaceOrientationLandscapeRight";
				LD_RUNPATH_SEARCH_PATHS = (
					"$(inherited)",
					"@executable_path/Frameworks",
				);
				MARKETING_VERSION = 1.0;
				PRODUCT_BUNDLE_IDENTIFIER = basic.Hike;
				PRODUCT_NAME = "$(TARGET_NAME)";
				SWIFT_EMIT_LOC_STRINGS = YES;
				SWIFT_VERSION = 5.0;
				TARGETED_DEVICE_FAMILY = "1,2";
			};
			name = Release;
		};
		C69669B52A80EC9E00ED386E /* Debug */ = {
			isa = XCBuildConfiguration;
			buildSettings = {
				ALWAYS_EMBED_SWIFT_STANDARD_LIBRARIES = YES;
				BUNDLE_LOADER = "$(TEST_HOST)";
				CODE_SIGN_STYLE = Automatic;
				CURRENT_PROJECT_VERSION = 1;
				DEVELOPMENT_TEAM = MQ4RQ25VX2;
				GENERATE_INFOPLIST_FILE = YES;
				IPHONEOS_DEPLOYMENT_TARGET = 16.4;
				MARKETING_VERSION = 1.0;
				PRODUCT_BUNDLE_IDENTIFIER = basic.HikeTests;
				PRODUCT_NAME = "$(TARGET_NAME)";
				SWIFT_EMIT_LOC_STRINGS = NO;
				SWIFT_VERSION = 5.0;
				TARGETED_DEVICE_FAMILY = "1,2";
				TEST_HOST = "$(BUILT_PRODUCTS_DIR)/Hike.app/$(BUNDLE_EXECUTABLE_FOLDER_PATH)/Hike";
			};
			name = Debug;
		};
		C69669B62A80EC9E00ED386E /* Release */ = {
			isa = XCBuildConfiguration;
			buildSettings = {
				ALWAYS_EMBED_SWIFT_STANDARD_LIBRARIES = YES;
				BUNDLE_LOADER = "$(TEST_HOST)";
				CODE_SIGN_STYLE = Automatic;
				CURRENT_PROJECT_VERSION = 1;
				DEVELOPMENT_TEAM = MQ4RQ25VX2;
				GENERATE_INFOPLIST_FILE = YES;
				IPHONEOS_DEPLOYMENT_TARGET = 16.4;
				MARKETING_VERSION = 1.0;
				PRODUCT_BUNDLE_IDENTIFIER = basic.HikeTests;
				PRODUCT_NAME = "$(TARGET_NAME)";
				SWIFT_EMIT_LOC_STRINGS = NO;
				SWIFT_VERSION = 5.0;
				TARGETED_DEVICE_FAMILY = "1,2";
				TEST_HOST = "$(BUILT_PRODUCTS_DIR)/Hike.app/$(BUNDLE_EXECUTABLE_FOLDER_PATH)/Hike";
			};
			name = Release;
		};
		C69669B82A80EC9E00ED386E /* Debug */ = {
			isa = XCBuildConfiguration;
			buildSettings = {
				ALWAYS_EMBED_SWIFT_STANDARD_LIBRARIES = YES;
				CODE_SIGN_STYLE = Automatic;
				CURRENT_PROJECT_VERSION = 1;
				DEVELOPMENT_TEAM = MQ4RQ25VX2;
				GENERATE_INFOPLIST_FILE = YES;
				MARKETING_VERSION = 1.0;
				PRODUCT_BUNDLE_IDENTIFIER = basic.HikeUITests;
				PRODUCT_NAME = "$(TARGET_NAME)";
				SWIFT_EMIT_LOC_STRINGS = NO;
				SWIFT_VERSION = 5.0;
				TARGETED_DEVICE_FAMILY = "1,2";
				TEST_TARGET_NAME = Hike;
			};
			name = Debug;
		};
		C69669B92A80EC9E00ED386E /* Release */ = {
			isa = XCBuildConfiguration;
			buildSettings = {
				ALWAYS_EMBED_SWIFT_STANDARD_LIBRARIES = YES;
				CODE_SIGN_STYLE = Automatic;
				CURRENT_PROJECT_VERSION = 1;
				DEVELOPMENT_TEAM = MQ4RQ25VX2;
				GENERATE_INFOPLIST_FILE = YES;
				MARKETING_VERSION = 1.0;
				PRODUCT_BUNDLE_IDENTIFIER = basic.HikeUITests;
				PRODUCT_NAME = "$(TARGET_NAME)";
				SWIFT_EMIT_LOC_STRINGS = NO;
				SWIFT_VERSION = 5.0;
				TARGETED_DEVICE_FAMILY = "1,2";
				TEST_TARGET_NAME = Hike;
			};
			name = Release;
		};
/* End XCBuildConfiguration section */

/* Begin XCConfigurationList section */
		C69669882A80EC9D00ED386E /* Build configuration list for PBXProject "Hike" */ = {
			isa = XCConfigurationList;
			buildConfigurations = (
				C69669AF2A80EC9E00ED386E /* Debug */,
				C69669B02A80EC9E00ED386E /* Release */,
			);
			defaultConfigurationIsVisible = 0;
			defaultConfigurationName = Release;
		};
		C69669B12A80EC9E00ED386E /* Build configuration list for PBXNativeTarget "Hike" */ = {
			isa = XCConfigurationList;
			buildConfigurations = (
				C69669B22A80EC9E00ED386E /* Debug */,
				C69669B32A80EC9E00ED386E /* Release */,
			);
			defaultConfigurationIsVisible = 0;
			defaultConfigurationName = Release;
		};
		C69669B42A80EC9E00ED386E /* Build configuration list for PBXNativeTarget "HikeTests" */ = {
			isa = XCConfigurationList;
			buildConfigurations = (
				C69669B52A80EC9E00ED386E /* Debug */,
				C69669B62A80EC9E00ED386E /* Release */,
			);
			defaultConfigurationIsVisible = 0;
			defaultConfigurationName = Release;
		};
		C69669B72A80EC9E00ED386E /* Build configuration list for PBXNativeTarget "HikeUITests" */ = {
			isa = XCConfigurationList;
			buildConfigurations = (
				C69669B82A80EC9E00ED386E /* Debug */,
				C69669B92A80EC9E00ED386E /* Release */,
			);
			defaultConfigurationIsVisible = 0;
			defaultConfigurationName = Release;
		};
/* End XCConfigurationList section */
	};
	rootObject = C69669852A80EC9D00ED386E /* Project object */;
}
